
Microsoft Visual Studio Solution File, Format Version 12.00
Project("{FAE04EC0-301F-11D3-BF4B-00C04F79EFBC}") = "Scheduler", "Scheduler\Scheduler.csproj", "{A3B0F250-3FEF-4500-A4FA-D4384C2816AC}"
EndProject
Project("{FAE04EC0-301F-11D3-BF4B-00C04F79EFBC}") = "Receiver", "Receiver\Receiver.csproj", "{61804A13-61A2-4760-98FB-2E296BE4DA7E}"
EndProject
Project("{FAE04EC0-301F-11D3-BF4B-00C04F79EFBC}") = "Common", "Common\Common.csproj", "{6BD35994-1BBF-4FF2-8EE4-4445099230CA}"
EndProject
Project("{FAE04EC0-301F-11D3-BF4B-00C04F79EFBC}") = "RabbitMQClient", "RabbitMQClient\RabbitMQClient.csproj", "{101FE156-4B65-4BD6-A7CA-2C063A013436}"
EndProject
Global
	GlobalSection(SolutionConfigurationPlatforms) = preSolution
		Debug|Any CPU = Debug|Any CPU
		Release|Any CPU = Release|Any CPU
	EndGlobalSection
	GlobalSection(ProjectConfigurationPlatforms) = postSolution
		{A3B0F250-3FEF-4500-A4FA-D4384C2816AC}.Debug|Any CPU.ActiveCfg = Debug|Any CPU
		{A3B0F250-3FEF-4500-A4FA-D4384C2816AC}.Debug|Any CPU.Build.0 = Debug|Any CPU
		{A3B0F250-3FEF-4500-A4FA-D4384C2816AC}.Release|Any CPU.ActiveCfg = Release|Any CPU
		{A3B0F250-3FEF-4500-A4FA-D4384C2816AC}.Release|Any CPU.Build.0 = Release|Any CPU
		{61804A13-61A2-4760-98FB-2E296BE4DA7E}.Debug|Any CPU.ActiveCfg = Debug|Any CPU
		{61804A13-61A2-4760-98FB-2E296BE4DA7E}.Debug|Any CPU.Build.0 = Debug|Any CPU
		{61804A13-61A2-4760-98FB-2E296BE4DA7E}.Release|Any CPU.ActiveCfg = Release|Any CPU
		{61804A13-61A2-4760-98FB-2E296BE4DA7E}.Release|Any CPU.Build.0 = Release|Any CPU
		{6BD35994-1BBF-4FF2-8EE4-4445099230CA}.Debug|Any CPU.ActiveCfg = Debug|Any CPU
		{6BD35994-1BBF-4FF2-8EE4-4445099230CA}.Debug|Any CPU.Build.0 = Debug|Any CPU
		{6BD35994-1BBF-4FF2-8EE4-4445099230CA}.Release|Any CPU.ActiveCfg = Release|Any CPU
		{6BD35994-1BBF-4FF2-8EE4-4445099230CA}.Release|Any CPU.Build.0 = Release|Any CPU
		{101FE156-4B65-4BD6-A7CA-2C063A013436}.Debug|Any CPU.ActiveCfg = Debug|Any CPU
		{101FE156-4B65-4BD6-A7CA-2C063A013436}.Debug|Any CPU.Build.0 = Debug|Any CPU
		{101FE156-4B65-4BD6-A7CA-2C063A013436}.Release|Any CPU.ActiveCfg = Release|Any CPU
		{101FE156-4B65-4BD6-A7CA-2C063A013436}.Release|Any CPU.Build.0 = Release|Any CPU
	EndGlobalSection
EndGlobal
